
Microsoft Visual Studio Solution File, Format Version 12.00
# Visual Studio Version 16
VisualStudioVersion = 16.0.32802.440
MinimumVisualStudioVersion = 10.0.40219.1
Project("{8BC9CEB8-8B4A-11D0-8D11-00A0C91BC942}") = "Crear proyecto OPEN GL", "Crear proyecto OPEN GL\Crear proyecto OPEN GL.vcxproj", "{CFD6C57B-146F-42CC-8C62-4480CBDC257A}"
EndProject
Global
	GlobalSection(SolutionConfigurationPlatforms) = preSolution
		Debug|x64 = Debug|x64
		Debug|x86 = Debug|x86
		Release|x64 = Release|x64
		Release|x86 = Release|x86
	EndGlobalSection
	GlobalSection(ProjectConfigurationPlatforms) = postSolution
		{CFD6C57B-146F-42CC-8C62-4480CBDC257A}.Debug|x64.ActiveCfg = Debug|x64
		{CFD6C57B-146F-42CC-8C62-4480CBDC257A}.Debug|x64.Build.0 = Debug|x64
		{CFD6C57B-146F-42CC-8C62-4480CBDC257A}.Debug|x86.ActiveCfg = Debug|Win32
		{CFD6C57B-146F-42CC-8C62-4480CBDC257A}.Debug|x86.Build.0 = Debug|Win32
		{CFD6C57B-146F-42CC-8C62-4480CBDC257A}.Release|x64.ActiveCfg = Release|x64
		{CFD6C57B-146F-42CC-8C62-4480CBDC257A}.Release|x64.Build.0 = Release|x64
		{CFD6C57B-146F-42CC-8C62-4480CBDC257A}.Release|x86.ActiveCfg = Release|Win32
		{CFD6C57B-146F-42CC-8C62-4480CBDC257A}.Release|x86.Build.0 = Release|Win32
	EndGlobalSection
	GlobalSection(SolutionProperties) = preSolution
		HideSolutionNode = FALSE
	EndGlobalSection
	GlobalSection(ExtensibilityGlobals) = postSolution
		SolutionGuid = {E91FB396-8B07-4B10-87F4-04DEAA479BC6}
	EndGlobalSection
EndGlobal
